{
    "name": "@vhrs/generate-react-context",
    "version": "1.0.0",
    "lockfileVersion": 2,
    "requires": true,
    "packages": {
        "": {
            "name": "@vhrs/generate-react-context",
            "version": "1.0.0",
            "dependencies": {
                "typescript-parser": "^2.6.1"
            },
            "devDependencies": {
                "@types/node": "^16.11.1",
                "axios": "^0.24.0",
                "openapi-typescript": "^4.0.1",
                "prettier": "^2.5.0",
                "tslib": "^2.3.1",
                "typescript": "^4.4.4"
            }
        },
        "node_modules/@babel/code-frame": {
            "version": "7.16.0",
            "dev": true,
            "license": "MIT",
            "dependencies": {
                "@babel/highlight": "^7.16.0"
            },
            "engines": {
                "node": ">=6.9.0"
            }
        },
        "node_modules/@babel/helper-validator-identifier": {
            "version": "7.15.7",
            "dev": true,
            "license": "MIT",
            "engines": {
                "node": ">=6.9.0"
            }
        },
        "node_modules/@babel/highlight": {
            "version": "7.16.0",
            "dev": true,
            "license": "MIT",
            "dependencies": {
                "@babel/helper-validator-identifier": "^7.15.7",
                "chalk": "^2.0.0",
                "js-tokens": "^4.0.0"
            },
            "engines": {
                "node": ">=6.9.0"
            }
        },
        "node_modules/@types/minimist": {
            "version": "1.2.2",
            "dev": true,
            "license": "MIT"
        },
        "node_modules/@types/node": {
            "version": "16.11.10",
            "dev": true,
            "license": "MIT"
        },
        "node_modules/@types/normalize-package-data": {
            "version": "2.4.1",
            "dev": true,
            "license": "MIT"
        },
        "node_modules/ansi-styles": {
            "version": "3.2.1",
            "dev": true,
            "license": "MIT",
            "dependencies": {
                "color-convert": "^1.9.0"
            },
            "engines": {
                "node": ">=4"
            }
        },
        "node_modules/argparse": {
            "version": "2.0.1",
            "dev": true,
            "license": "Python-2.0"
        },
        "node_modules/arrify": {
            "version": "1.0.1",
            "dev": true,
            "license": "MIT",
            "engines": {
                "node": ">=0.10.0"
            }
        },
        "node_modules/axios": {
            "version": "0.24.0",
            "dev": true,
            "license": "MIT",
            "dependencies": {
                "follow-redirects": "^1.14.4"
            }
        },
        "node_modules/camelcase": {
            "version": "5.3.1",
            "dev": true,
            "license": "MIT",
            "engines": {
                "node": ">=6"
            }
        },
        "node_modules/camelcase-keys": {
            "version": "6.2.2",
            "dev": true,
            "license": "MIT",
            "dependencies": {
                "camelcase": "^5.3.1",
                "map-obj": "^4.0.0",
                "quick-lru": "^4.0.1"
            },
            "engines": {
                "node": ">=8"
            },
            "funding": {
                "url": "https://github.com/sponsors/sindresorhus"
            }
        },
        "node_modules/chalk": {
            "version": "2.4.2",
            "dev": true,
            "license": "MIT",
            "dependencies": {
                "ansi-styles": "^3.2.1",
                "escape-string-regexp": "^1.0.5",
                "supports-color": "^5.3.0"
            },
            "engines": {
                "node": ">=4"
            }
        },
        "node_modules/color-convert": {
            "version": "1.9.3",
            "dev": true,
            "license": "MIT",
            "dependencies": {
                "color-name": "1.1.3"
            }
        },
        "node_modules/color-name": {
            "version": "1.1.3",
            "dev": true,
            "license": "MIT"
        },
        "node_modules/decamelize": {
            "version": "1.2.0",
            "dev": true,
            "license": "MIT",
            "engines": {
                "node": ">=0.10.0"
            }
        },
        "node_modules/decamelize-keys": {
            "version": "1.1.0",
            "dev": true,
            "license": "MIT",
            "dependencies": {
                "decamelize": "^1.1.0",
                "map-obj": "^1.0.0"
            },
            "engines": {
                "node": ">=0.10.0"
            }
        },
        "node_modules/decamelize-keys/node_modules/map-obj": {
            "version": "1.0.1",
            "dev": true,
            "license": "MIT",
            "engines": {
                "node": ">=0.10.0"
            }
        },
        "node_modules/error-ex": {
            "version": "1.3.2",
            "dev": true,
            "license": "MIT",
            "dependencies": {
                "is-arrayish": "^0.2.1"
            }
        },
        "node_modules/escape-string-regexp": {
            "version": "1.0.5",
            "dev": true,
            "license": "MIT",
            "engines": {
                "node": ">=0.8.0"
            }
        },
        "node_modules/find-up": {
            "version": "4.1.0",
            "dev": true,
            "license": "MIT",
            "dependencies": {
                "locate-path": "^5.0.0",
                "path-exists": "^4.0.0"
            },
            "engines": {
                "node": ">=8"
            }
        },
        "node_modules/follow-redirects": {
            "version": "1.14.5",
            "dev": true,
            "funding": [
                {
                    "type": "individual",
                    "url": "https://github.com/sponsors/RubenVerborgh"
                }
            ],
            "license": "MIT",
            "engines": {
                "node": ">=4.0"
            },
            "peerDependenciesMeta": {
                "debug": {
                    "optional": true
                }
            }
        },
        "node_modules/function-bind": {
            "version": "1.1.1",
            "dev": true,
            "license": "MIT"
        },
        "node_modules/globalyzer": {
            "version": "0.1.0",
            "dev": true,
            "license": "MIT"
        },
        "node_modules/globrex": {
            "version": "0.1.2",
            "dev": true,
            "license": "MIT"
        },
        "node_modules/hard-rejection": {
            "version": "2.1.0",
            "dev": true,
            "license": "MIT",
            "engines": {
                "node": ">=6"
            }
        },
        "node_modules/has": {
            "version": "1.0.3",
            "dev": true,
            "license": "MIT",
            "dependencies": {
                "function-bind": "^1.1.1"
            },
            "engines": {
                "node": ">= 0.4.0"
            }
        },
        "node_modules/has-flag": {
            "version": "3.0.0",
            "dev": true,
            "license": "MIT",
            "engines": {
                "node": ">=4"
            }
        },
        "node_modules/hosted-git-info": {
            "version": "3.0.8",
            "dev": true,
            "license": "ISC",
            "dependencies": {
                "lru-cache": "^6.0.0"
            },
            "engines": {
                "node": ">=10"
            }
        },
        "node_modules/indent-string": {
            "version": "4.0.0",
            "dev": true,
            "license": "MIT",
            "engines": {
                "node": ">=8"
            }
        },
        "node_modules/is-arrayish": {
            "version": "0.2.1",
            "dev": true,
            "license": "MIT"
        },
        "node_modules/is-core-module": {
            "version": "2.8.0",
            "dev": true,
            "license": "MIT",
            "dependencies": {
                "has": "^1.0.3"
            },
            "funding": {
                "url": "https://github.com/sponsors/ljharb"
            }
        },
        "node_modules/is-plain-obj": {
            "version": "1.1.0",
            "dev": true,
            "license": "MIT",
            "engines": {
                "node": ">=0.10.0"
            }
        },
        "node_modules/js-tokens": {
            "version": "4.0.0",
            "dev": true,
            "license": "MIT"
        },
        "node_modules/js-yaml": {
            "version": "4.1.0",
            "dev": true,
            "license": "MIT",
            "dependencies": {
                "argparse": "^2.0.1"
            },
            "bin": {
                "js-yaml": "bin/js-yaml.js"
            }
        },
        "node_modules/json-parse-even-better-errors": {
            "version": "2.3.1",
            "dev": true,
            "license": "MIT"
        },
        "node_modules/kind-of": {
            "version": "6.0.3",
            "dev": true,
            "license": "MIT",
            "engines": {
                "node": ">=0.10.0"
            }
        },
        "node_modules/kleur": {
            "version": "4.1.4",
            "dev": true,
            "license": "MIT",
            "engines": {
                "node": ">=6"
            }
        },
        "node_modules/lines-and-columns": {
            "version": "1.2.4",
            "dev": true,
            "license": "MIT"
        },
        "node_modules/locate-path": {
            "version": "5.0.0",
            "dev": true,
            "license": "MIT",
            "dependencies": {
                "p-locate": "^4.1.0"
            },
            "engines": {
                "node": ">=8"
            }
        },
        "node_modules/lodash": {
            "version": "4.17.21",
            "license": "MIT"
        },
        "node_modules/lodash-es": {
            "version": "4.17.21",
            "license": "MIT"
        },
        "node_modules/lru-cache": {
            "version": "6.0.0",
            "dev": true,
            "license": "ISC",
            "dependencies": {
                "yallist": "^4.0.0"
            },
            "engines": {
                "node": ">=10"
            }
        },
        "node_modules/map-obj": {
            "version": "4.3.0",
            "dev": true,
            "license": "MIT",
            "engines": {
                "node": ">=8"
            },
            "funding": {
                "url": "https://github.com/sponsors/sindresorhus"
            }
        },
        "node_modules/meow": {
            "version": "9.0.0",
            "dev": true,
            "license": "MIT",
            "dependencies": {
                "@types/minimist": "^1.2.0",
                "camelcase-keys": "^6.2.2",
                "decamelize": "^1.2.0",
                "decamelize-keys": "^1.1.0",
                "hard-rejection": "^2.1.0",
                "minimist-options": "4.1.0",
                "normalize-package-data": "^3.0.0",
                "read-pkg-up": "^7.0.1",
                "redent": "^3.0.0",
                "trim-newlines": "^3.0.0",
                "type-fest": "^0.18.0",
                "yargs-parser": "^20.2.3"
            },
            "engines": {
                "node": ">=10"
            },
            "funding": {
                "url": "https://github.com/sponsors/sindresorhus"
            }
        },
        "node_modules/mime": {
            "version": "2.6.0",
            "dev": true,
            "license": "MIT",
            "bin": {
                "mime": "cli.js"
            },
            "engines": {
                "node": ">=4.0.0"
            }
        },
        "node_modules/min-indent": {
            "version": "1.0.1",
            "dev": true,
            "license": "MIT",
            "engines": {
                "node": ">=4"
            }
        },
        "node_modules/minimist-options": {
            "version": "4.1.0",
            "dev": true,
            "license": "MIT",
            "dependencies": {
                "arrify": "^1.0.1",
                "is-plain-obj": "^1.1.0",
                "kind-of": "^6.0.3"
            },
            "engines": {
                "node": ">= 6"
            }
        },
        "node_modules/node-fetch": {
            "version": "2.6.6",
            "dev": true,
            "license": "MIT",
            "dependencies": {
                "whatwg-url": "^5.0.0"
            },
            "engines": {
                "node": "4.x || >=6.0.0"
            }
        },
        "node_modules/normalize-package-data": {
            "version": "3.0.3",
            "dev": true,
            "license": "BSD-2-Clause",
            "dependencies": {
                "hosted-git-info": "^4.0.1",
                "is-core-module": "^2.5.0",
                "semver": "^7.3.4",
                "validate-npm-package-license": "^3.0.1"
            },
            "engines": {
                "node": ">=10"
            }
        },
        "node_modules/normalize-package-data/node_modules/hosted-git-info": {
            "version": "4.0.2",
            "dev": true,
            "license": "ISC",
            "dependencies": {
                "lru-cache": "^6.0.0"
            },
            "engines": {
                "node": ">=10"
            }
        },
        "node_modules/openapi-typescript": {
            "version": "4.4.0",
            "dev": true,
            "license": "ISC",
            "dependencies": {
                "hosted-git-info": "^3.0.8",
                "js-yaml": "^4.1.0",
                "kleur": "^4.1.4",
                "meow": "^9.0.0",
                "mime": "^2.5.2",
                "node-fetch": "^2.6.5",
                "prettier": "^2.4.1",
                "slash": "^3.0.0",
                "tiny-glob": "^0.2.9"
            },
            "bin": {
                "openapi-typescript": "bin/cli.js"
            },
            "engines": {
                "node": ">= 12.0.0",
                "npm": ">= 7.0.0"
            }
        },
        "node_modules/p-limit": {
            "version": "2.3.0",
            "dev": true,
            "license": "MIT",
            "dependencies": {
                "p-try": "^2.0.0"
            },
            "engines": {
                "node": ">=6"
            },
            "funding": {
                "url": "https://github.com/sponsors/sindresorhus"
            }
        },
        "node_modules/p-locate": {
            "version": "4.1.0",
            "dev": true,
            "license": "MIT",
            "dependencies": {
                "p-limit": "^2.2.0"
            },
            "engines": {
                "node": ">=8"
            }
        },
        "node_modules/p-try": {
            "version": "2.2.0",
            "dev": true,
            "license": "MIT",
            "engines": {
                "node": ">=6"
            }
        },
        "node_modules/parse-json": {
            "version": "5.2.0",
            "dev": true,
            "license": "MIT",
            "dependencies": {
                "@babel/code-frame": "^7.0.0",
                "error-ex": "^1.3.1",
                "json-parse-even-better-errors": "^2.3.0",
                "lines-and-columns": "^1.1.6"
            },
            "engines": {
                "node": ">=8"
            },
            "funding": {
                "url": "https://github.com/sponsors/sindresorhus"
            }
        },
        "node_modules/path-exists": {
            "version": "4.0.0",
            "dev": true,
            "license": "MIT",
            "engines": {
                "node": ">=8"
            }
        },
        "node_modules/path-parse": {
            "version": "1.0.7",
            "dev": true,
            "license": "MIT"
        },
        "node_modules/prettier": {
            "version": "2.5.0",
            "dev": true,
            "license": "MIT",
            "bin": {
                "prettier": "bin-prettier.js"
            },
            "engines": {
                "node": ">=10.13.0"
            }
        },
        "node_modules/quick-lru": {
            "version": "4.0.1",
            "dev": true,
            "license": "MIT",
            "engines": {
                "node": ">=8"
            }
        },
        "node_modules/read-pkg": {
            "version": "5.2.0",
            "dev": true,
            "license": "MIT",
            "dependencies": {
                "@types/normalize-package-data": "^2.4.0",
                "normalize-package-data": "^2.5.0",
                "parse-json": "^5.0.0",
                "type-fest": "^0.6.0"
            },
            "engines": {
                "node": ">=8"
            }
        },
        "node_modules/read-pkg-up": {
            "version": "7.0.1",
            "dev": true,
            "license": "MIT",
            "dependencies": {
                "find-up": "^4.1.0",
                "read-pkg": "^5.2.0",
                "type-fest": "^0.8.1"
            },
            "engines": {
                "node": ">=8"
            },
            "funding": {
                "url": "https://github.com/sponsors/sindresorhus"
            }
        },
        "node_modules/read-pkg-up/node_modules/type-fest": {
            "version": "0.8.1",
            "dev": true,
            "license": "(MIT OR CC0-1.0)",
            "engines": {
                "node": ">=8"
            }
        },
        "node_modules/read-pkg/node_modules/hosted-git-info": {
            "version": "2.8.9",
            "dev": true,
            "license": "ISC"
        },
        "node_modules/read-pkg/node_modules/normalize-package-data": {
            "version": "2.5.0",
            "dev": true,
            "license": "BSD-2-Clause",
            "dependencies": {
                "hosted-git-info": "^2.1.4",
                "resolve": "^1.10.0",
                "semver": "2 || 3 || 4 || 5",
                "validate-npm-package-license": "^3.0.1"
            }
        },
        "node_modules/read-pkg/node_modules/semver": {
            "version": "5.7.1",
            "dev": true,
            "license": "ISC",
            "bin": {
                "semver": "bin/semver"
            }
        },
        "node_modules/read-pkg/node_modules/type-fest": {
            "version": "0.6.0",
            "dev": true,
            "license": "(MIT OR CC0-1.0)",
            "engines": {
                "node": ">=8"
            }
        },
        "node_modules/redent": {
            "version": "3.0.0",
            "dev": true,
            "license": "MIT",
            "dependencies": {
                "indent-string": "^4.0.0",
                "strip-indent": "^3.0.0"
            },
            "engines": {
                "node": ">=8"
            }
        },
        "node_modules/resolve": {
            "version": "1.20.0",
            "dev": true,
            "license": "MIT",
            "dependencies": {
                "is-core-module": "^2.2.0",
                "path-parse": "^1.0.6"
            },
            "funding": {
                "url": "https://github.com/sponsors/ljharb"
            }
        },
        "node_modules/semver": {
            "version": "7.3.5",
            "dev": true,
            "license": "ISC",
            "dependencies": {
                "lru-cache": "^6.0.0"
            },
            "bin": {
                "semver": "bin/semver.js"
            },
            "engines": {
                "node": ">=10"
            }
        },
        "node_modules/slash": {
            "version": "3.0.0",
            "dev": true,
            "license": "MIT",
            "engines": {
                "node": ">=8"
            }
        },
        "node_modules/strip-indent": {
            "version": "3.0.0",
            "dev": true,
            "license": "MIT",
            "dependencies": {
                "min-indent": "^1.0.0"
            },
            "engines": {
                "node": ">=8"
            }
        },
        "node_modules/supports-color": {
            "version": "5.5.0",
            "dev": true,
            "license": "MIT",
            "dependencies": {
                "has-flag": "^3.0.0"
            },
            "engines": {
                "node": ">=4"
            }
        },
        "node_modules/tiny-glob": {
            "version": "0.2.9",
            "dev": true,
            "license": "MIT",
            "dependencies": {
                "globalyzer": "0.1.0",
                "globrex": "^0.1.2"
            }
        },
        "node_modules/trim-newlines": {
            "version": "3.0.1",
            "dev": true,
            "license": "MIT",
            "engines": {
                "node": ">=8"
            }
        },
        "node_modules/tslib": {
            "version": "2.3.1",
            "dev": true,
            "license": "0BSD"
        },
        "node_modules/type-fest": {
            "version": "0.18.1",
            "dev": true,
            "license": "(MIT OR CC0-1.0)",
            "engines": {
                "node": ">=10"
            },
            "funding": {
                "url": "https://github.com/sponsors/sindresorhus"
            }
        },
        "node_modules/typescript": {
            "version": "4.5.2",
            "dev": true,
            "license": "Apache-2.0",
            "bin": {
                "tsc": "bin/tsc",
                "tsserver": "bin/tsserver"
            },
            "engines": {
                "node": ">=4.2.0"
            }
        },
        "node_modules/typescript-parser": {
            "version": "2.6.1",
            "resolved": "https://registry.npmjs.org/typescript-parser/-/typescript-parser-2.6.1.tgz",
            "integrity": "sha512-p4ZC10pu67KO8+WJALsJWhbAq4pRBIcP+ls8Bhl+V8KvzYQDwxw/P5hJhn3rBdLnfS5aGLflfh7WiZpN6yi+5g==",
            "dependencies": {
                "lodash": "^4.17.10",
                "lodash-es": "^4.17.10",
                "tslib": "^1.9.3",
                "typescript": "^3.0.3"
            }
        },
        "node_modules/typescript-parser/node_modules/tslib": {
            "version": "1.14.1",
            "resolved": "https://registry.npmjs.org/tslib/-/tslib-1.14.1.tgz",
            "integrity": "sha512-Xni35NKzjgMrwevysHTCArtLDpPvye8zV/0E4EyYn43P7/7qvQwPh9BGkHewbMulVntbigmcT7rdX3BNo9wRJg=="
        },
        "node_modules/typescript-parser/node_modules/typescript": {
            "version": "3.9.10",
            "resolved": "https://registry.npmjs.org/typescript/-/typescript-3.9.10.tgz",
            "integrity": "sha512-w6fIxVE/H1PkLKcCPsFqKE7Kv7QUwhU8qQY2MueZXWx5cPZdwFupLgKK3vntcK98BtNHZtAF4LA/yl2a7k8R6Q==",
            "bin": {
                "tsc": "bin/tsc",
                "tsserver": "bin/tsserver"
            },
            "engines": {
                "node": ">=4.2.0"
            }
        }
    },
    "dependencies": {
        "@babel/code-frame": {
            "version": "7.16.0",
            "dev": true,
            "requires": {
                "@babel/highlight": "^7.16.0"
            }
        },
        "@babel/helper-validator-identifier": {
            "version": "7.15.7",
            "dev": true
        },
        "@babel/highlight": {
            "version": "7.16.0",
            "dev": true,
            "requires": {
                "@babel/helper-validator-identifier": "^7.15.7",
                "chalk": "^2.0.0",
                "js-tokens": "^4.0.0"
            }
        },
        "@types/minimist": {
            "version": "1.2.2",
            "dev": true
        },
        "@types/node": {
            "version": "16.11.10",
            "dev": true
        },
        "@types/normalize-package-data": {
            "version": "2.4.1",
            "dev": true
        },
        "ansi-styles": {
            "version": "3.2.1",
            "dev": true,
            "requires": {
                "color-convert": "^1.9.0"
            }
        },
        "argparse": {
            "version": "2.0.1",
            "dev": true
        },
        "arrify": {
            "version": "1.0.1",
            "dev": true
        },
        "axios": {
            "version": "0.24.0",
            "dev": true,
            "requires": {
                "follow-redirects": "^1.14.4"
            }
        },
        "camelcase": {
            "version": "5.3.1",
            "dev": true
        },
        "camelcase-keys": {
            "version": "6.2.2",
            "dev": true,
            "requires": {
                "camelcase": "^5.3.1",
                "map-obj": "^4.0.0",
                "quick-lru": "^4.0.1"
            }
        },
        "chalk": {
            "version": "2.4.2",
            "dev": true,
            "requires": {
                "ansi-styles": "^3.2.1",
                "escape-string-regexp": "^1.0.5",
                "supports-color": "^5.3.0"
            }
        },
        "color-convert": {
            "version": "1.9.3",
            "dev": true,
            "requires": {
                "color-name": "1.1.3"
            }
        },
        "color-name": {
            "version": "1.1.3",
            "dev": true
        },
        "decamelize": {
            "version": "1.2.0",
            "dev": true
        },
        "decamelize-keys": {
            "version": "1.1.0",
            "dev": true,
            "requires": {
                "decamelize": "^1.1.0",
                "map-obj": "^1.0.0"
            },
            "dependencies": {
                "map-obj": {
                    "version": "1.0.1",
                    "dev": true
                }
            }
        },
        "error-ex": {
            "version": "1.3.2",
            "dev": true,
            "requires": {
                "is-arrayish": "^0.2.1"
            }
        },
        "escape-string-regexp": {
            "version": "1.0.5",
            "dev": true
        },
        "find-up": {
            "version": "4.1.0",
            "dev": true,
            "requires": {
                "locate-path": "^5.0.0",
                "path-exists": "^4.0.0"
            }
        },
        "follow-redirects": {
            "version": "1.14.5",
            "dev": true
        },
        "function-bind": {
            "version": "1.1.1",
            "dev": true
        },
        "globalyzer": {
            "version": "0.1.0",
            "dev": true
        },
        "globrex": {
            "version": "0.1.2",
            "dev": true
        },
        "hard-rejection": {
            "version": "2.1.0",
            "dev": true
        },
        "has": {
            "version": "1.0.3",
            "dev": true,
            "requires": {
                "function-bind": "^1.1.1"
            }
        },
        "has-flag": {
            "version": "3.0.0",
            "dev": true
        },
        "hosted-git-info": {
            "version": "3.0.8",
            "dev": true,
            "requires": {
                "lru-cache": "^6.0.0"
            }
        },
        "indent-string": {
            "version": "4.0.0",
            "dev": true
        },
        "is-arrayish": {
            "version": "0.2.1",
            "dev": true
        },
        "is-core-module": {
            "version": "2.8.0",
            "dev": true,
            "requires": {
                "has": "^1.0.3"
            }
        },
        "is-plain-obj": {
            "version": "1.1.0",
            "dev": true
        },
        "js-tokens": {
            "version": "4.0.0",
            "dev": true
        },
        "js-yaml": {
            "version": "4.1.0",
            "dev": true,
            "requires": {
                "argparse": "^2.0.1"
            }
        },
        "json-parse-even-better-errors": {
            "version": "2.3.1",
            "dev": true
        },
        "kind-of": {
            "version": "6.0.3",
            "dev": true
        },
        "kleur": {
            "version": "4.1.4",
            "dev": true
        },
        "lines-and-columns": {
            "version": "1.2.4",
            "dev": true
        },
        "locate-path": {
            "version": "5.0.0",
            "dev": true,
            "requires": {
                "p-locate": "^4.1.0"
            }
        },
        "lodash": {
            "version": "4.17.21"
        },
        "lodash-es": {
            "version": "4.17.21"
        },
        "lru-cache": {
            "version": "6.0.0",
            "dev": true,
            "requires": {
                "yallist": "^4.0.0"
            }
        },
        "map-obj": {
            "version": "4.3.0",
            "dev": true
        },
        "meow": {
            "version": "9.0.0",
            "dev": true,
            "requires": {
                "@types/minimist": "^1.2.0",
                "camelcase-keys": "^6.2.2",
                "decamelize": "^1.2.0",
                "decamelize-keys": "^1.1.0",
                "hard-rejection": "^2.1.0",
                "minimist-options": "4.1.0",
                "normalize-package-data": "^3.0.0",
                "read-pkg-up": "^7.0.1",
                "redent": "^3.0.0",
                "trim-newlines": "^3.0.0",
                "type-fest": "^0.18.0",
                "yargs-parser": "^20.2.3"
            }
        },
        "mime": {
            "version": "2.6.0",
            "dev": true
        },
        "min-indent": {
            "version": "1.0.1",
            "dev": true
        },
        "minimist-options": {
            "version": "4.1.0",
            "dev": true,
            "requires": {
                "arrify": "^1.0.1",
                "is-plain-obj": "^1.1.0",
                "kind-of": "^6.0.3"
            }
        },
        "node-fetch": {
            "version": "2.6.6",
            "dev": true,
            "requires": {
                "whatwg-url": "^5.0.0"
            }
        },
        "normalize-package-data": {
            "version": "3.0.3",
            "dev": true,
            "requires": {
                "hosted-git-info": "^4.0.1",
                "is-core-module": "^2.5.0",
                "semver": "^7.3.4",
                "validate-npm-package-license": "^3.0.1"
            },
            "dependencies": {
                "hosted-git-info": {
                    "version": "4.0.2",
                    "dev": true,
                    "requires": {
                        "lru-cache": "^6.0.0"
                    }
                }
            }
        },
        "openapi-typescript": {
            "version": "4.4.0",
            "dev": true,
            "requires": {
                "hosted-git-info": "^3.0.8",
                "js-yaml": "^4.1.0",
                "kleur": "^4.1.4",
                "meow": "^9.0.0",
                "mime": "^2.5.2",
                "node-fetch": "^2.6.5",
                "prettier": "^2.4.1",
                "slash": "^3.0.0",
                "tiny-glob": "^0.2.9"
            }
        },
        "p-limit": {
            "version": "2.3.0",
            "dev": true,
            "requires": {
                "p-try": "^2.0.0"
            }
        },
        "p-locate": {
            "version": "4.1.0",
            "dev": true,
            "requires": {
                "p-limit": "^2.2.0"
            }
        },
        "p-try": {
            "version": "2.2.0",
            "dev": true
        },
        "parse-json": {
            "version": "5.2.0",
            "dev": true,
            "requires": {
                "@babel/code-frame": "^7.0.0",
                "error-ex": "^1.3.1",
                "json-parse-even-better-errors": "^2.3.0",
                "lines-and-columns": "^1.1.6"
            }
        },
        "path-exists": {
            "version": "4.0.0",
            "dev": true
        },
        "path-parse": {
            "version": "1.0.7",
            "dev": true
        },
        "prettier": {
            "version": "2.5.0",
            "dev": true
        },
        "quick-lru": {
            "version": "4.0.1",
            "dev": true
        },
        "read-pkg": {
            "version": "5.2.0",
            "dev": true,
            "requires": {
                "@types/normalize-package-data": "^2.4.0",
                "normalize-package-data": "^2.5.0",
                "parse-json": "^5.0.0",
                "type-fest": "^0.6.0"
            },
            "dependencies": {
                "hosted-git-info": {
                    "version": "2.8.9",
                    "dev": true
                },
                "normalize-package-data": {
                    "version": "2.5.0",
                    "dev": true,
                    "requires": {
                        "hosted-git-info": "^2.1.4",
                        "resolve": "^1.10.0",
                        "semver": "2 || 3 || 4 || 5",
                        "validate-npm-package-license": "^3.0.1"
                    }
                },
                "semver": {
                    "version": "5.7.1",
                    "dev": true
                },
                "type-fest": {
                    "version": "0.6.0",
                    "dev": true
                }
            }
        },
        "read-pkg-up": {
            "version": "7.0.1",
            "dev": true,
            "requires": {
                "find-up": "^4.1.0",
                "read-pkg": "^5.2.0",
                "type-fest": "^0.8.1"
            },
            "dependencies": {
                "type-fest": {
                    "version": "0.8.1",
                    "dev": true
                }
            }
        },
        "redent": {
            "version": "3.0.0",
            "dev": true,
            "requires": {
                "indent-string": "^4.0.0",
                "strip-indent": "^3.0.0"
            }
        },
        "resolve": {
            "version": "1.20.0",
            "dev": true,
            "requires": {
                "is-core-module": "^2.2.0",
                "path-parse": "^1.0.6"
            }
        },
        "semver": {
            "version": "7.3.5",
            "dev": true,
            "requires": {
                "lru-cache": "^6.0.0"
            }
        },
        "slash": {
            "version": "3.0.0",
            "dev": true
        },
        "strip-indent": {
            "version": "3.0.0",
            "dev": true,
            "requires": {
                "min-indent": "^1.0.0"
            }
        },
        "supports-color": {
            "version": "5.5.0",
            "dev": true,
            "requires": {
                "has-flag": "^3.0.0"
            }
        },
        "tiny-glob": {
            "version": "0.2.9",
            "dev": true,
            "requires": {
                "globalyzer": "0.1.0",
                "globrex": "^0.1.2"
            }
        },
        "trim-newlines": {
            "version": "3.0.1",
            "dev": true
        },
        "tslib": {
            "version": "2.3.1",
            "dev": true
        },
        "type-fest": {
            "version": "0.18.1",
            "dev": true
        },
        "typescript": {
            "version": "4.5.2",
            "dev": true
        },
        "typescript-parser": {
            "version": "2.6.1",
            "resolved": "https://registry.npmjs.org/typescript-parser/-/typescript-parser-2.6.1.tgz",
            "integrity": "sha512-p4ZC10pu67KO8+WJALsJWhbAq4pRBIcP+ls8Bhl+V8KvzYQDwxw/P5hJhn3rBdLnfS5aGLflfh7WiZpN6yi+5g==",
            "requires": {
                "lodash": "^4.17.10",
                "lodash-es": "^4.17.10",
                "tslib": "^1.9.3",
                "typescript": "^3.0.3"
            },
            "dependencies": {
                "tslib": {
                    "version": "1.14.1",
                    "resolved": "https://registry.npmjs.org/tslib/-/tslib-1.14.1.tgz",
                    "integrity": "sha512-Xni35NKzjgMrwevysHTCArtLDpPvye8zV/0E4EyYn43P7/7qvQwPh9BGkHewbMulVntbigmcT7rdX3BNo9wRJg=="
                },
                "typescript": {
                    "version": "3.9.10",
                    "resolved": "https://registry.npmjs.org/typescript/-/typescript-3.9.10.tgz",
                    "integrity": "sha512-w6fIxVE/H1PkLKcCPsFqKE7Kv7QUwhU8qQY2MueZXWx5cPZdwFupLgKK3vntcK98BtNHZtAF4LA/yl2a7k8R6Q=="
                }
            }
        }
    }
}
