{
    "name": "@vhrs/test",
    "version": "1.0.0",
    "lockfileVersion": 2,
    "requires": true,
    "packages": {
        "": {
            "name": "@vhrs/test",
            "version": "1.0.0",
            "dependencies": {
                "lodash-es": "^4.17.21",
                "path-to-regexp": "^6.2.0",
                "react-hook-form": "^7.22.0",
                "typescript-parser": "^2.6.1"
            },
            "devDependencies": {
                "@types/lodash-es": "^4.17.5"
            }
        },
        "node_modules/@types/lodash": {
            "version": "4.14.178",
            "resolved": "https://registry.npmjs.org/@types/lodash/-/lodash-4.14.178.tgz",
            "integrity": "sha512-0d5Wd09ItQWH1qFbEyQ7oTQ3GZrMfth5JkbN3EvTKLXcHLRDSXeLnlvlOn0wvxVIwK5o2M8JzP/OWz7T3NRsbw==",
            "dev": true
        },
        "node_modules/@types/lodash-es": {
            "version": "4.17.5",
            "resolved": "https://registry.npmjs.org/@types/lodash-es/-/lodash-es-4.17.5.tgz",
            "integrity": "sha512-SHBoI8/0aoMQWAgUHMQ599VM6ZiSKg8sh/0cFqqlQQMyY9uEplc0ULU5yQNzcvdR4ZKa0ey8+vFmahuRbOCT1A==",
            "dev": true,
            "dependencies": {
                "@types/lodash": "*"
            }
        },
        "node_modules/js-tokens": {
            "version": "4.0.0",
            "resolved": "https://registry.npmjs.org/js-tokens/-/js-tokens-4.0.0.tgz",
            "integrity": "sha512-RdJUflcE3cUzKiMqQgsCu06FPu9UdIJO0beYbPhHN4k6apgJtifcoCtT9bcxOpYBtpD2kCM6Sbzg4CausW/PKQ==",
            "peer": true
        },
        "node_modules/lodash": {
            "version": "4.17.21",
            "resolved": "https://registry.npmjs.org/lodash/-/lodash-4.17.21.tgz",
            "integrity": "sha512-v2kDEe57lecTulaDIuNTPy3Ry4gLGJ6Z1O3vE1krgXZNrsQ+LFTGHVxVjcXPs17LhbZVGedAJv8XZ1tvj5FvSg=="
        },
        "node_modules/lodash-es": {
            "version": "4.17.21",
            "resolved": "https://registry.npmjs.org/lodash-es/-/lodash-es-4.17.21.tgz",
            "integrity": "sha512-mKnC+QJ9pWVzv+C4/U3rRsHapFfHvQFoFB92e52xeyGMcX6/OlIl78je1u8vePzYZSkkogMPJ2yjxxsb89cxyw=="
        },
        "node_modules/loose-envify": {
            "version": "1.4.0",
            "resolved": "https://registry.npmjs.org/loose-envify/-/loose-envify-1.4.0.tgz",
            "integrity": "sha512-lyuxPGr/Wfhrlem2CL/UcnUc1zcqKAImBDzukY7Y5F/yQiNdko6+fRLevlw1HgMySw7f611UIY408EtxRSoK3Q==",
            "peer": true,
            "dependencies": {
                "js-tokens": "^3.0.0 || ^4.0.0"
            },
            "bin": {
                "loose-envify": "cli.js"
            }
        },
        "node_modules/object-assign": {
            "version": "4.1.1",
            "resolved": "https://registry.npmjs.org/object-assign/-/object-assign-4.1.1.tgz",
            "integrity": "sha1-IQmtx5ZYh8/AXLvUQsrIv7s2CGM=",
            "peer": true,
            "engines": {
                "node": ">=0.10.0"
            }
        },
        "node_modules/path-to-regexp": {
            "version": "6.2.0",
            "resolved": "https://registry.npmjs.org/path-to-regexp/-/path-to-regexp-6.2.0.tgz",
            "integrity": "sha512-f66KywYG6+43afgE/8j/GoiNyygk/bnoCbps++3ErRKsIYkGGupyv07R2Ok5m9i67Iqc+T2g1eAUGUPzWhYTyg=="
        },
        "node_modules/react": {
            "version": "17.0.2",
            "resolved": "https://registry.npmjs.org/react/-/react-17.0.2.tgz",
            "integrity": "sha512-gnhPt75i/dq/z3/6q/0asP78D0u592D5L1pd7M8P+dck6Fu/jJeL6iVVK23fptSUZj8Vjf++7wXA8UNclGQcbA==",
            "peer": true,
            "dependencies": {
                "loose-envify": "^1.1.0",
                "object-assign": "^4.1.1"
            },
            "engines": {
                "node": ">=0.10.0"
            }
        },
        "node_modules/react-hook-form": {
            "version": "7.22.0",
            "resolved": "https://registry.npmjs.org/react-hook-form/-/react-hook-form-7.22.0.tgz",
            "integrity": "sha512-0gPE29N0wdd/5ZMD+TaAq5LF4NTguLnPaTqdSiWyu1QiSkB6jmWY1q0550JYu2BSgfOHecA7pxky9q+zWAwMqg==",
            "engines": {
                "node": ">=12.22.0"
            },
            "funding": {
                "type": "opencollective",
                "url": "https://opencollective.com/react-hook-form"
            },
            "peerDependencies": {
                "react": "^16.8.0 || ^17"
            }
        },
        "node_modules/tslib": {
            "version": "1.14.1",
            "resolved": "https://registry.npmjs.org/tslib/-/tslib-1.14.1.tgz",
            "integrity": "sha512-Xni35NKzjgMrwevysHTCArtLDpPvye8zV/0E4EyYn43P7/7qvQwPh9BGkHewbMulVntbigmcT7rdX3BNo9wRJg=="
        },
        "node_modules/typescript": {
            "version": "3.9.10",
            "resolved": "https://registry.npmjs.org/typescript/-/typescript-3.9.10.tgz",
            "integrity": "sha512-w6fIxVE/H1PkLKcCPsFqKE7Kv7QUwhU8qQY2MueZXWx5cPZdwFupLgKK3vntcK98BtNHZtAF4LA/yl2a7k8R6Q==",
            "bin": {
                "tsc": "bin/tsc",
                "tsserver": "bin/tsserver"
            },
            "engines": {
                "node": ">=4.2.0"
            }
        },
        "node_modules/typescript-parser": {
            "version": "2.6.1",
            "resolved": "https://registry.npmjs.org/typescript-parser/-/typescript-parser-2.6.1.tgz",
            "integrity": "sha512-p4ZC10pu67KO8+WJALsJWhbAq4pRBIcP+ls8Bhl+V8KvzYQDwxw/P5hJhn3rBdLnfS5aGLflfh7WiZpN6yi+5g==",
            "dependencies": {
                "lodash": "^4.17.10",
                "lodash-es": "^4.17.10",
                "tslib": "^1.9.3",
                "typescript": "^3.0.3"
            }
        }
    },
    "dependencies": {
        "@types/lodash": {
            "version": "4.14.178",
            "resolved": "https://registry.npmjs.org/@types/lodash/-/lodash-4.14.178.tgz",
            "integrity": "sha512-0d5Wd09ItQWH1qFbEyQ7oTQ3GZrMfth5JkbN3EvTKLXcHLRDSXeLnlvlOn0wvxVIwK5o2M8JzP/OWz7T3NRsbw==",
            "dev": true
        },
        "@types/lodash-es": {
            "version": "4.17.5",
            "resolved": "https://registry.npmjs.org/@types/lodash-es/-/lodash-es-4.17.5.tgz",
            "integrity": "sha512-SHBoI8/0aoMQWAgUHMQ599VM6ZiSKg8sh/0cFqqlQQMyY9uEplc0ULU5yQNzcvdR4ZKa0ey8+vFmahuRbOCT1A==",
            "dev": true,
            "requires": {
                "@types/lodash": "*"
            }
        },
        "js-tokens": {
            "version": "4.0.0",
            "resolved": "https://registry.npmjs.org/js-tokens/-/js-tokens-4.0.0.tgz",
            "integrity": "sha512-RdJUflcE3cUzKiMqQgsCu06FPu9UdIJO0beYbPhHN4k6apgJtifcoCtT9bcxOpYBtpD2kCM6Sbzg4CausW/PKQ==",
            "peer": true
        },
        "lodash": {
            "version": "4.17.21",
            "resolved": "https://registry.npmjs.org/lodash/-/lodash-4.17.21.tgz",
            "integrity": "sha512-v2kDEe57lecTulaDIuNTPy3Ry4gLGJ6Z1O3vE1krgXZNrsQ+LFTGHVxVjcXPs17LhbZVGedAJv8XZ1tvj5FvSg=="
        },
        "lodash-es": {
            "version": "4.17.21",
            "resolved": "https://registry.npmjs.org/lodash-es/-/lodash-es-4.17.21.tgz",
            "integrity": "sha512-mKnC+QJ9pWVzv+C4/U3rRsHapFfHvQFoFB92e52xeyGMcX6/OlIl78je1u8vePzYZSkkogMPJ2yjxxsb89cxyw=="
        },
        "loose-envify": {
            "version": "1.4.0",
            "resolved": "https://registry.npmjs.org/loose-envify/-/loose-envify-1.4.0.tgz",
            "integrity": "sha512-lyuxPGr/Wfhrlem2CL/UcnUc1zcqKAImBDzukY7Y5F/yQiNdko6+fRLevlw1HgMySw7f611UIY408EtxRSoK3Q==",
            "peer": true,
            "requires": {
                "js-tokens": "^3.0.0 || ^4.0.0"
            }
        },
        "object-assign": {
            "version": "4.1.1",
            "resolved": "https://registry.npmjs.org/object-assign/-/object-assign-4.1.1.tgz",
            "integrity": "sha1-IQmtx5ZYh8/AXLvUQsrIv7s2CGM=",
            "peer": true
        },
        "path-to-regexp": {
            "version": "6.2.0",
            "resolved": "https://registry.npmjs.org/path-to-regexp/-/path-to-regexp-6.2.0.tgz",
            "integrity": "sha512-f66KywYG6+43afgE/8j/GoiNyygk/bnoCbps++3ErRKsIYkGGupyv07R2Ok5m9i67Iqc+T2g1eAUGUPzWhYTyg=="
        },
        "react": {
            "version": "17.0.2",
            "resolved": "https://registry.npmjs.org/react/-/react-17.0.2.tgz",
            "integrity": "sha512-gnhPt75i/dq/z3/6q/0asP78D0u592D5L1pd7M8P+dck6Fu/jJeL6iVVK23fptSUZj8Vjf++7wXA8UNclGQcbA==",
            "peer": true,
            "requires": {
                "loose-envify": "^1.1.0",
                "object-assign": "^4.1.1"
            }
        },
        "react-hook-form": {
            "version": "7.22.0",
            "resolved": "https://registry.npmjs.org/react-hook-form/-/react-hook-form-7.22.0.tgz",
            "integrity": "sha512-0gPE29N0wdd/5ZMD+TaAq5LF4NTguLnPaTqdSiWyu1QiSkB6jmWY1q0550JYu2BSgfOHecA7pxky9q+zWAwMqg==",
            "requires": {}
        },
        "tslib": {
            "version": "1.14.1",
            "resolved": "https://registry.npmjs.org/tslib/-/tslib-1.14.1.tgz",
            "integrity": "sha512-Xni35NKzjgMrwevysHTCArtLDpPvye8zV/0E4EyYn43P7/7qvQwPh9BGkHewbMulVntbigmcT7rdX3BNo9wRJg=="
        },
        "typescript": {
            "version": "3.9.10",
            "resolved": "https://registry.npmjs.org/typescript/-/typescript-3.9.10.tgz",
            "integrity": "sha512-w6fIxVE/H1PkLKcCPsFqKE7Kv7QUwhU8qQY2MueZXWx5cPZdwFupLgKK3vntcK98BtNHZtAF4LA/yl2a7k8R6Q=="
        },
        "typescript-parser": {
            "version": "2.6.1",
            "resolved": "https://registry.npmjs.org/typescript-parser/-/typescript-parser-2.6.1.tgz",
            "integrity": "sha512-p4ZC10pu67KO8+WJALsJWhbAq4pRBIcP+ls8Bhl+V8KvzYQDwxw/P5hJhn3rBdLnfS5aGLflfh7WiZpN6yi+5g==",
            "requires": {
                "lodash": "^4.17.10",
                "lodash-es": "^4.17.10",
                "tslib": "^1.9.3",
                "typescript": "^3.0.3"
            }
        }
    }
}
